{
  "name": "degenduel-fe",
  "version": "1.9.0",
  "lockfileVersion": 3,
  "requires": true,
  "packages": {
    "": {
      "name": "degenduel-fe",
      "version": "1.9.0",
      "hasInstallScript": true,
      "license": "UNLICENSED",
      "dependencies": {
        "react": "^19.0.0",
        "react-dom": "^19.0.0"
      }
    }
  }
}